
Microsoft Visual Studio Solution File, Format Version 12.00
# Visual Studio Version 17
VisualStudioVersion = 17.0.31903.59
MinimumVisualStudioVersion = 10.0.40219.1
Project("{FAE04EC0-301F-11D3-BF4B-00C04F79EFBC}") = "PNM", "src\PNM.csproj", "{1096331B-F25B-454B-A2B6-F2C9D3BE8247}"
EndProject
Project("{FAE04EC0-301F-11D3-BF4B-00C04F79EFBC}") = "test", ".test\test.csproj", "{C777CC31-2C7B-447C-96B7-DFFD0BE02003}"
EndProject
Global
	GlobalSection(SolutionConfigurationPlatforms) = preSolution
		Debug|Any CPU = Debug|Any CPU
		Release|Any CPU = Release|Any CPU
	EndGlobalSection
	GlobalSection(SolutionProperties) = preSolution
		HideSolutionNode = FALSE
	EndGlobalSection
	GlobalSection(ProjectConfigurationPlatforms) = postSolution
		{1096331B-F25B-454B-A2B6-F2C9D3BE8247}.Debug|Any CPU.ActiveCfg = Debug|Any CPU
		{1096331B-F25B-454B-A2B6-F2C9D3BE8247}.Debug|Any CPU.Build.0 = Debug|Any CPU
		{1096331B-F25B-454B-A2B6-F2C9D3BE8247}.Release|Any CPU.ActiveCfg = Release|Any CPU
		{1096331B-F25B-454B-A2B6-F2C9D3BE8247}.Release|Any CPU.Build.0 = Release|Any CPU
		{C777CC31-2C7B-447C-96B7-DFFD0BE02003}.Debug|Any CPU.ActiveCfg = Debug|Any CPU
		{C777CC31-2C7B-447C-96B7-DFFD0BE02003}.Debug|Any CPU.Build.0 = Debug|Any CPU
		{C777CC31-2C7B-447C-96B7-DFFD0BE02003}.Release|Any CPU.ActiveCfg = Release|Any CPU
		{C777CC31-2C7B-447C-96B7-DFFD0BE02003}.Release|Any CPU.Build.0 = Release|Any CPU
	EndGlobalSection
EndGlobal
